# @generated by Move, please check-in and do not edit manually.

[move]
version = 2
manifest_digest = "0A6776989385F9AEE2A60BF876B409C83A7B53CCD5892E311CE38C18E568FD9A"
deps_digest = "F8BBB0CCB2491CA29A3DF03D6F92277A4F3574266507ACD77214D37ECA3F3082"
dependencies = [
  { name = "Sui" },
]

[[move.package]]
name = "MoveStdlib"
source = { git = "https://github.com/MystenLabs/sui.git", rev = "mainnet-v1.23.1", subdir = "crates/sui-framework/packages/move-stdlib" }

[[move.package]]
name = "Sui"
source = { git = "https://github.com/MystenLabs/sui.git", rev = "mainnet-v1.23.1", subdir = "crates/sui-framework/packages/sui-framework" }

dependencies = [
  { name = "MoveStdlib" },
]

[move.toolchain-version]
compiler-version = "1.23.1"
edition = "2024.beta"
flavor = "sui"

[env]

[env.testnet]
chain-id = "4c78adac"
original-published-id = "0xb4d3f177e78e921a75fa06c1fd445f22b2eb4ce4b24ab7366b799814c9813d5b"
latest-published-id = "0xb4d3f177e78e921a75fa06c1fd445f22b2eb4ce4b24ab7366b799814c9813d5b"
published-version = "1"
